
Microsoft Visual Studio Solution File, Format Version 12.00
# Visual Studio Version 17
VisualStudioVersion = 17.0.32112.339
MinimumVisualStudioVersion = 10.0.40219.1
Project("{2150E333-8FDC-42A3-9474-1A3956D46DE8}") = "Core", "Core", "{96DA1112-A73D-4D9C-B7B2-FA3DF87804C1}"
EndProject
Project("{2150E333-8FDC-42A3-9474-1A3956D46DE8}") = "Infrastructure", "Infrastructure", "{F6B52CCA-B189-44D2-9364-A5AFFE111F2F}"
EndProject
Project("{2150E333-8FDC-42A3-9474-1A3956D46DE8}") = "Presentation", "Presentation", "{5464273E-744C-400D-A210-8D593D04D8FD}"
EndProject
Project("{9A19103F-16F7-4668-BE54-9A1E7A4F7556}") = "Domain", "Core\Domain\Domain.csproj", "{6CE1C1B3-AA25-4E2E-86F8-E74227C083B1}"
EndProject
Project("{9A19103F-16F7-4668-BE54-9A1E7A4F7556}") = "Application", "Core\Application\Application.csproj", "{37C11A67-BF46-4D92-9F97-234FAC324ACB}"
EndProject
Project("{2150E333-8FDC-42A3-9474-1A3956D46DE8}") = "Shared", "Shared", "{1369C684-6D05-443E-AA67-D530CAB4F774}"
EndProject
Project("{9A19103F-16F7-4668-BE54-9A1E7A4F7556}") = "CSharpFunctionalExtensions", "Infrastructure\Shared\FunctionalCSharp\CSharpFunctionalExtensions\CSharpFunctionalExtensions.csproj", "{347B24AA-AD7D-4DA1-8DCA-55D2A5CCA7EE}"
EndProject
Project("{2150E333-8FDC-42A3-9474-1A3956D46DE8}") = "Tests", "Tests", "{D127D04C-06C0-4502-80AA-6EA5390105A4}"
EndProject
Project("{9A19103F-16F7-4668-BE54-9A1E7A4F7556}") = "Domain.Tests", "Core\Domain.Tests\Domain.Tests.csproj", "{E08353E4-B708-4A5F-9344-0D7626A70CE5}"
EndProject
Project("{2150E333-8FDC-42A3-9474-1A3956D46DE8}") = "Database", "Database", "{BD29C7A9-2A36-4509-B5D5-3B61B8B38662}"
EndProject
Project("{00D1A9C2-B5F0-4AF3-8072-F6C62B433612}") = "OnionDatabase", "Infrastructure\Database\OnionDatabase\OnionDatabase.sqlproj", "{FA028886-1618-425B-AF2B-65417555E85F}"
EndProject
Project("{9A19103F-16F7-4668-BE54-9A1E7A4F7556}") = "Infrastructure.Persistence", "Infrastructure\Database\Persistence\Infrastructure.Persistence.csproj", "{328E4785-9580-4C5D-B674-ABBB45732E99}"
EndProject
Project("{FAE04EC0-301F-11D3-BF4B-00C04F79EFBC}") = "WebApi", "WebApi\WebApi.csproj", "{8ACE9881-2B5D-4939-8A71-938D785AC492}"
EndProject
Global
	GlobalSection(SolutionConfigurationPlatforms) = preSolution
		Debug|Any CPU = Debug|Any CPU
		Release|Any CPU = Release|Any CPU
	EndGlobalSection
	GlobalSection(ProjectConfigurationPlatforms) = postSolution
		{6CE1C1B3-AA25-4E2E-86F8-E74227C083B1}.Debug|Any CPU.ActiveCfg = Debug|Any CPU
		{6CE1C1B3-AA25-4E2E-86F8-E74227C083B1}.Debug|Any CPU.Build.0 = Debug|Any CPU
		{6CE1C1B3-AA25-4E2E-86F8-E74227C083B1}.Release|Any CPU.ActiveCfg = Release|Any CPU
		{6CE1C1B3-AA25-4E2E-86F8-E74227C083B1}.Release|Any CPU.Build.0 = Release|Any CPU
		{37C11A67-BF46-4D92-9F97-234FAC324ACB}.Debug|Any CPU.ActiveCfg = Debug|Any CPU
		{37C11A67-BF46-4D92-9F97-234FAC324ACB}.Debug|Any CPU.Build.0 = Debug|Any CPU
		{37C11A67-BF46-4D92-9F97-234FAC324ACB}.Release|Any CPU.ActiveCfg = Release|Any CPU
		{37C11A67-BF46-4D92-9F97-234FAC324ACB}.Release|Any CPU.Build.0 = Release|Any CPU
		{347B24AA-AD7D-4DA1-8DCA-55D2A5CCA7EE}.Debug|Any CPU.ActiveCfg = Debug|Any CPU
		{347B24AA-AD7D-4DA1-8DCA-55D2A5CCA7EE}.Debug|Any CPU.Build.0 = Debug|Any CPU
		{347B24AA-AD7D-4DA1-8DCA-55D2A5CCA7EE}.Release|Any CPU.ActiveCfg = Release|Any CPU
		{347B24AA-AD7D-4DA1-8DCA-55D2A5CCA7EE}.Release|Any CPU.Build.0 = Release|Any CPU
		{E08353E4-B708-4A5F-9344-0D7626A70CE5}.Debug|Any CPU.ActiveCfg = Debug|Any CPU
		{E08353E4-B708-4A5F-9344-0D7626A70CE5}.Debug|Any CPU.Build.0 = Debug|Any CPU
		{E08353E4-B708-4A5F-9344-0D7626A70CE5}.Release|Any CPU.ActiveCfg = Release|Any CPU
		{E08353E4-B708-4A5F-9344-0D7626A70CE5}.Release|Any CPU.Build.0 = Release|Any CPU
		{FA028886-1618-425B-AF2B-65417555E85F}.Debug|Any CPU.ActiveCfg = Debug|Any CPU
		{FA028886-1618-425B-AF2B-65417555E85F}.Debug|Any CPU.Build.0 = Debug|Any CPU
		{FA028886-1618-425B-AF2B-65417555E85F}.Debug|Any CPU.Deploy.0 = Debug|Any CPU
		{FA028886-1618-425B-AF2B-65417555E85F}.Release|Any CPU.ActiveCfg = Release|Any CPU
		{FA028886-1618-425B-AF2B-65417555E85F}.Release|Any CPU.Build.0 = Release|Any CPU
		{FA028886-1618-425B-AF2B-65417555E85F}.Release|Any CPU.Deploy.0 = Release|Any CPU
		{328E4785-9580-4C5D-B674-ABBB45732E99}.Debug|Any CPU.ActiveCfg = Debug|Any CPU
		{328E4785-9580-4C5D-B674-ABBB45732E99}.Debug|Any CPU.Build.0 = Debug|Any CPU
		{328E4785-9580-4C5D-B674-ABBB45732E99}.Release|Any CPU.ActiveCfg = Release|Any CPU
		{328E4785-9580-4C5D-B674-ABBB45732E99}.Release|Any CPU.Build.0 = Release|Any CPU
		{8ACE9881-2B5D-4939-8A71-938D785AC492}.Debug|Any CPU.ActiveCfg = Debug|Any CPU
		{8ACE9881-2B5D-4939-8A71-938D785AC492}.Debug|Any CPU.Build.0 = Debug|Any CPU
		{8ACE9881-2B5D-4939-8A71-938D785AC492}.Release|Any CPU.ActiveCfg = Release|Any CPU
		{8ACE9881-2B5D-4939-8A71-938D785AC492}.Release|Any CPU.Build.0 = Release|Any CPU
	EndGlobalSection
	GlobalSection(SolutionProperties) = preSolution
		HideSolutionNode = FALSE
	EndGlobalSection
	GlobalSection(NestedProjects) = preSolution
		{6CE1C1B3-AA25-4E2E-86F8-E74227C083B1} = {96DA1112-A73D-4D9C-B7B2-FA3DF87804C1}
		{37C11A67-BF46-4D92-9F97-234FAC324ACB} = {96DA1112-A73D-4D9C-B7B2-FA3DF87804C1}
		{1369C684-6D05-443E-AA67-D530CAB4F774} = {F6B52CCA-B189-44D2-9364-A5AFFE111F2F}
		{347B24AA-AD7D-4DA1-8DCA-55D2A5CCA7EE} = {1369C684-6D05-443E-AA67-D530CAB4F774}
		{D127D04C-06C0-4502-80AA-6EA5390105A4} = {96DA1112-A73D-4D9C-B7B2-FA3DF87804C1}
		{E08353E4-B708-4A5F-9344-0D7626A70CE5} = {D127D04C-06C0-4502-80AA-6EA5390105A4}
		{BD29C7A9-2A36-4509-B5D5-3B61B8B38662} = {F6B52CCA-B189-44D2-9364-A5AFFE111F2F}
		{FA028886-1618-425B-AF2B-65417555E85F} = {BD29C7A9-2A36-4509-B5D5-3B61B8B38662}
		{328E4785-9580-4C5D-B674-ABBB45732E99} = {BD29C7A9-2A36-4509-B5D5-3B61B8B38662}
		{8ACE9881-2B5D-4939-8A71-938D785AC492} = {5464273E-744C-400D-A210-8D593D04D8FD}
	EndGlobalSection
	GlobalSection(ExtensibilityGlobals) = postSolution
		SolutionGuid = {31BB6731-FB19-4C9C-946B-7F7430B280D0}
	EndGlobalSection
EndGlobal
